// !$*UTF8*$!
{
	archiveVersion = 1;
	classes = {
	};
	objectVersion = 46;
	objects = {

/* Begin PBXBuildFile section */
		1143F2443E574F87AAE48D72 /* libPods.a in Frameworks */ = {isa = PBXBuildFile; fileRef = 062AAD327D1A47319A2BA2F4 /* libPods.a */; };
		7B487C2F18A8541A0001F429 /* MainViewController.m in Sources */ = {isa = PBXBuildFile; fileRef = 7B487C2E18A8541A0001F429 /* MainViewController.m */; };
		7B487C3518A8646D0001F429 /* CheckOutViewController.m in Sources */ = {isa = PBXBuildFile; fileRef = 7B487C3418A8646D0001F429 /* CheckOutViewController.m */; };
		7B5E4D3718A84D3300A1ACF9 /* Foundation.framework in Frameworks */ = {isa = PBXBuildFile; fileRef = 7B5E4D3618A84D3300A1ACF9 /* Foundation.framework */; };
		7B5E4D3918A84D3300A1ACF9 /* CoreGraphics.framework in Frameworks */ = {isa = PBXBuildFile; fileRef = 7B5E4D3818A84D3300A1ACF9 /* CoreGraphics.framework */; };
		7B5E4D3B18A84D3300A1ACF9 /* UIKit.framework in Frameworks */ = {isa = PBXBuildFile; fileRef = 7B5E4D3A18A84D3300A1ACF9 /* UIKit.framework */; };
		7B5E4D4118A84D3300A1ACF9 /* InfoPlist.strings in Resources */ = {isa = PBXBuildFile; fileRef = 7B5E4D3F18A84D3300A1ACF9 /* InfoPlist.strings */; };
		7B5E4D4318A84D3300A1ACF9 /* main.m in Sources */ = {isa = PBXBuildFile; fileRef = 7B5E4D4218A84D3300A1ACF9 /* main.m */; };
		7B5E4D4718A84D3300A1ACF9 /* AppDelegate.m in Sources */ = {isa = PBXBuildFile; fileRef = 7B5E4D4618A84D3300A1ACF9 /* AppDelegate.m */; };
		7B5E4D4918A84D3300A1ACF9 /* Images.xcassets in Resources */ = {isa = PBXBuildFile; fileRef = 7B5E4D4818A84D3300A1ACF9 /* Images.xcassets */; };
		7B5E4D5018A84D3300A1ACF9 /* XCTest.framework in Frameworks */ = {isa = PBXBuildFile; fileRef = 7B5E4D4F18A84D3300A1ACF9 /* XCTest.framework */; };
		7B5E4D5118A84D3300A1ACF9 /* Foundation.framework in Frameworks */ = {isa = PBXBuildFile; fileRef = 7B5E4D3618A84D3300A1ACF9 /* Foundation.framework */; };
		7B5E4D5218A84D3300A1ACF9 /* UIKit.framework in Frameworks */ = {isa = PBXBuildFile; fileRef = 7B5E4D3A18A84D3300A1ACF9 /* UIKit.framework */; };
		7B5E4D5A18A84D3300A1ACF9 /* InfoPlist.strings in Resources */ = {isa = PBXBuildFile; fileRef = 7B5E4D5818A84D3300A1ACF9 /* InfoPlist.strings */; };
		7B5E4D5C18A84D3300A1ACF9 /* AlexandriaTests.m in Sources */ = {isa = PBXBuildFile; fileRef = 7B5E4D5B18A84D3300A1ACF9 /* AlexandriaTests.m */; };
		7B5E4D6618A84D7100A1ACF9 /* Main.storyboard in Resources */ = {isa = PBXBuildFile; fileRef = 7B5E4D6518A84D7100A1ACF9 /* Main.storyboard */; };
		7B704A6C18AB079F0078CD8F /* PutAwayViewController.m in Sources */ = {isa = PBXBuildFile; fileRef = 7B704A6B18AB079F0078CD8F /* PutAwayViewController.m */; };
		7BA84AA118AFBDD6007A1E3B /* Book.m in Sources */ = {isa = PBXBuildFile; fileRef = 7BA84AA018AFBDD6007A1E3B /* Book.m */; };
		7BA84AA418AFC5AE007A1E3B /* ImageDownloader.m in Sources */ = {isa = PBXBuildFile; fileRef = 7BA84AA318AFC5AE007A1E3B /* ImageDownloader.m */; };
		7BFAE6EC18A86B4500493F3D /* CheckInViewController.m in Sources */ = {isa = PBXBuildFile; fileRef = 7BFAE6EB18A86B4500493F3D /* CheckInViewController.m */; };
		7BFAE6F218A86BA000493F3D /* AddBookViewController.m in Sources */ = {isa = PBXBuildFile; fileRef = 7BFAE6F118A86BA000493F3D /* AddBookViewController.m */; };
		7BFAE6F518A86BB800493F3D /* ViewBooksViewController.m in Sources */ = {isa = PBXBuildFile; fileRef = 7BFAE6F418A86BB800493F3D /* ViewBooksViewController.m */; };
		7BFAE6FC18A9220B00493F3D /* BarcodeScannerViewController.m in Sources */ = {isa = PBXBuildFile; fileRef = 7BFAE6FB18A9220B00493F3D /* BarcodeScannerViewController.m */; };
/* End PBXBuildFile section */

/* Begin PBXContainerItemProxy section */
		7B5E4D5318A84D3300A1ACF9 /* PBXContainerItemProxy */ = {
			isa = PBXContainerItemProxy;
			containerPortal = 7B5E4D2B18A84D3300A1ACF9 /* Project object */;
			proxyType = 1;
			remoteGlobalIDString = 7B5E4D3218A84D3300A1ACF9;
			remoteInfo = Alexandria;
		};
/* End PBXContainerItemProxy section */

/* Begin PBXFileReference section */
		062AAD327D1A47319A2BA2F4 /* libPods.a */ = {isa = PBXFileReference; explicitFileType = archive.ar; includeInIndex = 0; path = libPods.a; sourceTree = BUILT_PRODUCTS_DIR; };
		2B9FF73300AE4C36A03857B9 /* Pods.xcconfig */ = {isa = PBXFileReference; includeInIndex = 1; lastKnownFileType = text.xcconfig; name = Pods.xcconfig; path = Pods/Pods.xcconfig; sourceTree = "<group>"; };
		7B487C2D18A8541A0001F429 /* MainViewController.h */ = {isa = PBXFileReference; fileEncoding = 4; lastKnownFileType = sourcecode.c.h; path = MainViewController.h; sourceTree = "<group>"; };
		7B487C2E18A8541A0001F429 /* MainViewController.m */ = {isa = PBXFileReference; fileEncoding = 4; lastKnownFileType = sourcecode.c.objc; path = MainViewController.m; sourceTree = "<group>"; };
		7B487C3318A8646D0001F429 /* CheckOutViewController.h */ = {isa = PBXFileReference; fileEncoding = 4; lastKnownFileType = sourcecode.c.h; path = CheckOutViewController.h; sourceTree = "<group>"; };
		7B487C3418A8646D0001F429 /* CheckOutViewController.m */ = {isa = PBXFileReference; fileEncoding = 4; lastKnownFileType = sourcecode.c.objc; path = CheckOutViewController.m; sourceTree = "<group>"; };
		7B5E4D3318A84D3300A1ACF9 /* Alexandria.app */ = {isa = PBXFileReference; explicitFileType = wrapper.application; includeInIndex = 0; path = Alexandria.app; sourceTree = BUILT_PRODUCTS_DIR; };
		7B5E4D3618A84D3300A1ACF9 /* Foundation.framework */ = {isa = PBXFileReference; lastKnownFileType = wrapper.framework; name = Foundation.framework; path = System/Library/Frameworks/Foundation.framework; sourceTree = SDKROOT; };
		7B5E4D3818A84D3300A1ACF9 /* CoreGraphics.framework */ = {isa = PBXFileReference; lastKnownFileType = wrapper.framework; name = CoreGraphics.framework; path = System/Library/Frameworks/CoreGraphics.framework; sourceTree = SDKROOT; };
		7B5E4D3A18A84D3300A1ACF9 /* UIKit.framework */ = {isa = PBXFileReference; lastKnownFileType = wrapper.framework; name = UIKit.framework; path = System/Library/Frameworks/UIKit.framework; sourceTree = SDKROOT; };
		7B5E4D3E18A84D3300A1ACF9 /* Alexandria-Info.plist */ = {isa = PBXFileReference; lastKnownFileType = text.plist.xml; path = "Alexandria-Info.plist"; sourceTree = "<group>"; };
		7B5E4D4018A84D3300A1ACF9 /* en */ = {isa = PBXFileReference; lastKnownFileType = text.plist.strings; name = en; path = en.lproj/InfoPlist.strings; sourceTree = "<group>"; };
		7B5E4D4218A84D3300A1ACF9 /* main.m */ = {isa = PBXFileReference; lastKnownFileType = sourcecode.c.objc; path = main.m; sourceTree = "<group>"; };
		7B5E4D4418A84D3300A1ACF9 /* Alexandria-Prefix.pch */ = {isa = PBXFileReference; lastKnownFileType = sourcecode.c.h; path = "Alexandria-Prefix.pch"; sourceTree = "<group>"; };
		7B5E4D4518A84D3300A1ACF9 /* AppDelegate.h */ = {isa = PBXFileReference; lastKnownFileType = sourcecode.c.h; path = AppDelegate.h; sourceTree = "<group>"; };
		7B5E4D4618A84D3300A1ACF9 /* AppDelegate.m */ = {isa = PBXFileReference; lastKnownFileType = sourcecode.c.objc; path = AppDelegate.m; sourceTree = "<group>"; };
		7B5E4D4818A84D3300A1ACF9 /* Images.xcassets */ = {isa = PBXFileReference; lastKnownFileType = folder.assetcatalog; path = Images.xcassets; sourceTree = "<group>"; };
		7B5E4D4E18A84D3300A1ACF9 /* AlexandriaTests.xctest */ = {isa = PBXFileReference; explicitFileType = wrapper.cfbundle; includeInIndex = 0; path = AlexandriaTests.xctest; sourceTree = BUILT_PRODUCTS_DIR; };
		7B5E4D4F18A84D3300A1ACF9 /* XCTest.framework */ = {isa = PBXFileReference; lastKnownFileType = wrapper.framework; name = XCTest.framework; path = Library/Frameworks/XCTest.framework; sourceTree = DEVELOPER_DIR; };
		7B5E4D5718A84D3300A1ACF9 /* AlexandriaTests-Info.plist */ = {isa = PBXFileReference; lastKnownFileType = text.plist.xml; path = "AlexandriaTests-Info.plist"; sourceTree = "<group>"; };
		7B5E4D5918A84D3300A1ACF9 /* en */ = {isa = PBXFileReference; lastKnownFileType = text.plist.strings; name = en; path = en.lproj/InfoPlist.strings; sourceTree = "<group>"; };
		7B5E4D5B18A84D3300A1ACF9 /* AlexandriaTests.m */ = {isa = PBXFileReference; lastKnownFileType = sourcecode.c.objc; path = AlexandriaTests.m; sourceTree = "<group>"; };
		7B5E4D6518A84D7100A1ACF9 /* Main.storyboard */ = {isa = PBXFileReference; fileEncoding = 4; lastKnownFileType = file.storyboard; path = Main.storyboard; sourceTree = "<group>"; };
		7B704A6A18AB079F0078CD8F /* PutAwayViewController.h */ = {isa = PBXFileReference; fileEncoding = 4; lastKnownFileType = sourcecode.c.h; path = PutAwayViewController.h; sourceTree = "<group>"; };
		7B704A6B18AB079F0078CD8F /* PutAwayViewController.m */ = {isa = PBXFileReference; fileEncoding = 4; lastKnownFileType = sourcecode.c.objc; path = PutAwayViewController.m; sourceTree = "<group>"; };
		7BA84A9F18AFBDD6007A1E3B /* Book.h */ = {isa = PBXFileReference; fileEncoding = 4; lastKnownFileType = sourcecode.c.h; path = Book.h; sourceTree = "<group>"; };
		7BA84AA018AFBDD6007A1E3B /* Book.m */ = {isa = PBXFileReference; fileEncoding = 4; lastKnownFileType = sourcecode.c.objc; path = Book.m; sourceTree = "<group>"; };
		7BA84AA218AFC5AE007A1E3B /* ImageDownloader.h */ = {isa = PBXFileReference; fileEncoding = 4; lastKnownFileType = sourcecode.c.h; path = ImageDownloader.h; sourceTree = "<group>"; };
		7BA84AA318AFC5AE007A1E3B /* ImageDownloader.m */ = {isa = PBXFileReference; fileEncoding = 4; lastKnownFileType = sourcecode.c.objc; path = ImageDownloader.m; sourceTree = "<group>"; };
		7BFAE6EA18A86B4500493F3D /* CheckInViewController.h */ = {isa = PBXFileReference; fileEncoding = 4; lastKnownFileType = sourcecode.c.h; path = CheckInViewController.h; sourceTree = "<group>"; };
		7BFAE6EB18A86B4500493F3D /* CheckInViewController.m */ = {isa = PBXFileReference; fileEncoding = 4; lastKnownFileType = sourcecode.c.objc; path = CheckInViewController.m; sourceTree = "<group>"; };
		7BFAE6F018A86BA000493F3D /* AddBookViewController.h */ = {isa = PBXFileReference; fileEncoding = 4; lastKnownFileType = sourcecode.c.h; path = AddBookViewController.h; sourceTree = "<group>"; };
		7BFAE6F118A86BA000493F3D /* AddBookViewController.m */ = {isa = PBXFileReference; fileEncoding = 4; lastKnownFileType = sourcecode.c.objc; path = AddBookViewController.m; sourceTree = "<group>"; };
		7BFAE6F318A86BB800493F3D /* ViewBooksViewController.h */ = {isa = PBXFileReference; fileEncoding = 4; lastKnownFileType = sourcecode.c.h; path = ViewBooksViewController.h; sourceTree = "<group>"; };
		7BFAE6F418A86BB800493F3D /* ViewBooksViewController.m */ = {isa = PBXFileReference; fileEncoding = 4; lastKnownFileType = sourcecode.c.objc; path = ViewBooksViewController.m; sourceTree = "<group>"; };
		7BFAE6FA18A9220B00493F3D /* BarcodeScannerViewController.h */ = {isa = PBXFileReference; fileEncoding = 4; lastKnownFileType = sourcecode.c.h; path = BarcodeScannerViewController.h; sourceTree = "<group>"; };
		7BFAE6FB18A9220B00493F3D /* BarcodeScannerViewController.m */ = {isa = PBXFileReference; fileEncoding = 4; lastKnownFileType = sourcecode.c.objc; path = BarcodeScannerViewController.m; sourceTree = "<group>"; };
/* End PBXFileReference section */

/* Begin PBXFrameworksBuildPhase section */
		7B5E4D3018A84D3300A1ACF9 /* Frameworks */ = {
			isa = PBXFrameworksBuildPhase;
			buildActionMask = 2147483647;
			files = (
				7B5E4D3918A84D3300A1ACF9 /* CoreGraphics.framework in Frameworks */,
				7B5E4D3B18A84D3300A1ACF9 /* UIKit.framework in Frameworks */,
				7B5E4D3718A84D3300A1ACF9 /* Foundation.framework in Frameworks */,
				1143F2443E574F87AAE48D72 /* libPods.a in Frameworks */,
			);
			runOnlyForDeploymentPostprocessing = 0;
		};
		7B5E4D4B18A84D3300A1ACF9 /* Frameworks */ = {
			isa = PBXFrameworksBuildPhase;
			buildActionMask = 2147483647;
			files = (
				7B5E4D5018A84D3300A1ACF9 /* XCTest.framework in Frameworks */,
				7B5E4D5218A84D3300A1ACF9 /* UIKit.framework in Frameworks */,
				7B5E4D5118A84D3300A1ACF9 /* Foundation.framework in Frameworks */,
			);
			runOnlyForDeploymentPostprocessing = 0;
		};
/* End PBXFrameworksBuildPhase section */

/* Begin PBXGroup section */
		7B5E4D2A18A84D3300A1ACF9 = {
			isa = PBXGroup;
			children = (
				7B5E4D3C18A84D3300A1ACF9 /* Alexandria */,
				7B5E4D3518A84D3300A1ACF9 /* Frameworks */,
				7B5E4D3418A84D3300A1ACF9 /* Products */,
				2B9FF73300AE4C36A03857B9 /* Pods.xcconfig */,
			);
			sourceTree = "<group>";
		};
		7B5E4D3418A84D3300A1ACF9 /* Products */ = {
			isa = PBXGroup;
			children = (
				7B5E4D3318A84D3300A1ACF9 /* Alexandria.app */,
				7B5E4D4E18A84D3300A1ACF9 /* AlexandriaTests.xctest */,
			);
			name = Products;
			sourceTree = "<group>";
		};
		7B5E4D3518A84D3300A1ACF9 /* Frameworks */ = {
			isa = PBXGroup;
			children = (
				7B5E4D3618A84D3300A1ACF9 /* Foundation.framework */,
				7B5E4D3818A84D3300A1ACF9 /* CoreGraphics.framework */,
				7B5E4D3A18A84D3300A1ACF9 /* UIKit.framework */,
				7B5E4D4F18A84D3300A1ACF9 /* XCTest.framework */,
				062AAD327D1A47319A2BA2F4 /* libPods.a */,
			);
			name = Frameworks;
			sourceTree = "<group>";
		};
		7B5E4D3C18A84D3300A1ACF9 /* Alexandria */ = {
			isa = PBXGroup;
			children = (
				7BA84A9E18AFBD8E007A1E3B /* Classes */,
				7BFAE6F918A921B600493F3D /* Controllers */,
				7B5E4D4518A84D3300A1ACF9 /* AppDelegate.h */,
				7B5E4D4618A84D3300A1ACF9 /* AppDelegate.m */,
				7B5E4D6518A84D7100A1ACF9 /* Main.storyboard */,
				7B5E4D4818A84D3300A1ACF9 /* Images.xcassets */,
				7B5E4D3D18A84D3300A1ACF9 /* Supporting Files */,
				7B5E4D5518A84D3300A1ACF9 /* AlexandriaTests */,
			);
			path = Alexandria;
			sourceTree = "<group>";
		};
		7B5E4D3D18A84D3300A1ACF9 /* Supporting Files */ = {
			isa = PBXGroup;
			children = (
				7B5E4D3E18A84D3300A1ACF9 /* Alexandria-Info.plist */,
				7B5E4D3F18A84D3300A1ACF9 /* InfoPlist.strings */,
				7B5E4D4218A84D3300A1ACF9 /* main.m */,
				7B5E4D4418A84D3300A1ACF9 /* Alexandria-Prefix.pch */,
			);
			name = "Supporting Files";
			sourceTree = "<group>";
		};
		7B5E4D5518A84D3300A1ACF9 /* AlexandriaTests */ = {
			isa = PBXGroup;
			children = (
				7B5E4D5B18A84D3300A1ACF9 /* AlexandriaTests.m */,
				7B5E4D5618A84D3300A1ACF9 /* Supporting Files */,
			);
			path = AlexandriaTests;
			sourceTree = SOURCE_ROOT;
		};
		7B5E4D5618A84D3300A1ACF9 /* Supporting Files */ = {
			isa = PBXGroup;
			children = (
				7B5E4D5718A84D3300A1ACF9 /* AlexandriaTests-Info.plist */,
				7B5E4D5818A84D3300A1ACF9 /* InfoPlist.strings */,
			);
			name = "Supporting Files";
			sourceTree = "<group>";
		};
		7BA84A9E18AFBD8E007A1E3B /* Classes */ = {
			isa = PBXGroup;
			children = (
				7BA84AA218AFC5AE007A1E3B /* ImageDownloader.h */,
				7BA84AA318AFC5AE007A1E3B /* ImageDownloader.m */,
				7BA84A9F18AFBDD6007A1E3B /* Book.h */,
				7BA84AA018AFBDD6007A1E3B /* Book.m */,
			);
			path = Classes;
			sourceTree = "<group>";
		};
		7BFAE6F918A921B600493F3D /* Controllers */ = {
			isa = PBXGroup;
			children = (
				7BFAE6F018A86BA000493F3D /* AddBookViewController.h */,
				7BFAE6F118A86BA000493F3D /* AddBookViewController.m */,
				7B487C2D18A8541A0001F429 /* MainViewController.h */,
				7B487C2E18A8541A0001F429 /* MainViewController.m */,
				7BFAE6F318A86BB800493F3D /* ViewBooksViewController.h */,
				7BFAE6F418A86BB800493F3D /* ViewBooksViewController.m */,
				7BFAE6EA18A86B4500493F3D /* CheckInViewController.h */,
				7BFAE6EB18A86B4500493F3D /* CheckInViewController.m */,
				7B487C3318A8646D0001F429 /* CheckOutViewController.h */,
				7B487C3418A8646D0001F429 /* CheckOutViewController.m */,
				7BFAE6FA18A9220B00493F3D /* BarcodeScannerViewController.h */,
				7BFAE6FB18A9220B00493F3D /* BarcodeScannerViewController.m */,
				7B704A6A18AB079F0078CD8F /* PutAwayViewController.h */,
				7B704A6B18AB079F0078CD8F /* PutAwayViewController.m */,
			);
			path = Controllers;
			sourceTree = "<group>";
		};
/* End PBXGroup section */

/* Begin PBXNativeTarget section */
		7B5E4D3218A84D3300A1ACF9 /* Alexandria */ = {
			isa = PBXNativeTarget;
			buildConfigurationList = 7B5E4D5F18A84D3300A1ACF9 /* Build configuration list for PBXNativeTarget "Alexandria" */;
			buildPhases = (
				A4669AEED2FD446A83A48AEF /* Check Pods Manifest.lock */,
				7B5E4D2F18A84D3300A1ACF9 /* Sources */,
				7B5E4D3018A84D3300A1ACF9 /* Frameworks */,
				7B5E4D3118A84D3300A1ACF9 /* Resources */,
				10F242B7C3514489B4163091 /* Copy Pods Resources */,
			);
			buildRules = (
			);
			dependencies = (
			);
			name = Alexandria;
			productName = Alexandria;
			productReference = 7B5E4D3318A84D3300A1ACF9 /* Alexandria.app */;
			productType = "com.apple.product-type.application";
		};
		7B5E4D4D18A84D3300A1ACF9 /* AlexandriaTests */ = {
			isa = PBXNativeTarget;
			buildConfigurationList = 7B5E4D6218A84D3300A1ACF9 /* Build configuration list for PBXNativeTarget "AlexandriaTests" */;
			buildPhases = (
				7B5E4D4A18A84D3300A1ACF9 /* Sources */,
				7B5E4D4B18A84D3300A1ACF9 /* Frameworks */,
				7B5E4D4C18A84D3300A1ACF9 /* Resources */,
			);
			buildRules = (
			);
			dependencies = (
				7B5E4D5418A84D3300A1ACF9 /* PBXTargetDependency */,
			);
			name = AlexandriaTests;
			productName = AlexandriaTests;
			productReference = 7B5E4D4E18A84D3300A1ACF9 /* AlexandriaTests.xctest */;
			productType = "com.apple.product-type.bundle.unit-test";
		};
/* End PBXNativeTarget section */

/* Begin PBXProject section */
		7B5E4D2B18A84D3300A1ACF9 /* Project object */ = {
			isa = PBXProject;
			attributes = {
				LastUpgradeCheck = 0500;
				ORGANIZATIONNAME = "Society of Software Engineers";
				TargetAttributes = {
					7B5E4D3218A84D3300A1ACF9 = {
						DevelopmentTeam = ZXF7XP9UJ8;
					};
					7B5E4D4D18A84D3300A1ACF9 = {
						TestTargetID = 7B5E4D3218A84D3300A1ACF9;
					};
				};
			};
			buildConfigurationList = 7B5E4D2E18A84D3300A1ACF9 /* Build configuration list for PBXProject "Alexandria" */;
			compatibilityVersion = "Xcode 3.2";
			developmentRegion = English;
			hasScannedForEncodings = 0;
			knownRegions = (
				en,
			);
			mainGroup = 7B5E4D2A18A84D3300A1ACF9;
			productRefGroup = 7B5E4D3418A84D3300A1ACF9 /* Products */;
			projectDirPath = "";
			projectRoot = "";
			targets = (
				7B5E4D3218A84D3300A1ACF9 /* Alexandria */,
				7B5E4D4D18A84D3300A1ACF9 /* AlexandriaTests */,
			);
		};
/* End PBXProject section */

/* Begin PBXResourcesBuildPhase section */
		7B5E4D3118A84D3300A1ACF9 /* Resources */ = {
			isa = PBXResourcesBuildPhase;
			buildActionMask = 2147483647;
			files = (
				7B5E4D4118A84D3300A1ACF9 /* InfoPlist.strings in Resources */,
				7B5E4D4918A84D3300A1ACF9 /* Images.xcassets in Resources */,
				7B5E4D6618A84D7100A1ACF9 /* Main.storyboard in Resources */,
			);
			runOnlyForDeploymentPostprocessing = 0;
		};
		7B5E4D4C18A84D3300A1ACF9 /* Resources */ = {
			isa = PBXResourcesBuildPhase;
			buildActionMask = 2147483647;
			files = (
				7B5E4D5A18A84D3300A1ACF9 /* InfoPlist.strings in Resources */,
			);
			runOnlyForDeploymentPostprocessing = 0;
		};
/* End PBXResourcesBuildPhase section */

/* Begin PBXShellScriptBuildPhase section */
		10F242B7C3514489B4163091 /* Copy Pods Resources */ = {
			isa = PBXShellScriptBuildPhase;
			buildActionMask = 2147483647;
			files = (
			);
			inputPaths = (
			);
			name = "Copy Pods Resources";
			outputPaths = (
			);
			runOnlyForDeploymentPostprocessing = 0;
			shellPath = /bin/sh;
			shellScript = "\"${SRCROOT}/Pods/Pods-resources.sh\"\n";
			showEnvVarsInLog = 0;
		};
		A4669AEED2FD446A83A48AEF /* Check Pods Manifest.lock */ = {
			isa = PBXShellScriptBuildPhase;
			buildActionMask = 2147483647;
			files = (
			);
			inputPaths = (
			);
			name = "Check Pods Manifest.lock";
			outputPaths = (
			);
			runOnlyForDeploymentPostprocessing = 0;
			shellPath = /bin/sh;
			shellScript = "diff \"${PODS_ROOT}/../Podfile.lock\" \"${PODS_ROOT}/Manifest.lock\" > /dev/null\nif [[ $? != 0 ]] ; then\n    cat << EOM\nerror: The sandbox is not in sync with the Podfile.lock. Run 'pod install' or update your CocoaPods installation.\nEOM\n    exit 1\nfi\n";
			showEnvVarsInLog = 0;
		};
/* End PBXShellScriptBuildPhase section */

/* Begin PBXSourcesBuildPhase section */
		7B5E4D2F18A84D3300A1ACF9 /* Sources */ = {
			isa = PBXSourcesBuildPhase;
			buildActionMask = 2147483647;
			files = (
				7B487C3518A8646D0001F429 /* CheckOutViewController.m in Sources */,
				7BA84AA418AFC5AE007A1E3B /* ImageDownloader.m in Sources */,
				7BFAE6EC18A86B4500493F3D /* CheckInViewController.m in Sources */,
				7BFAE6FC18A9220B00493F3D /* BarcodeScannerViewController.m in Sources */,
				7B5E4D4718A84D3300A1ACF9 /* AppDelegate.m in Sources */,
				7BA84AA118AFBDD6007A1E3B /* Book.m in Sources */,
				7B487C2F18A8541A0001F429 /* MainViewController.m in Sources */,
				7B704A6C18AB079F0078CD8F /* PutAwayViewController.m in Sources */,
				7BFAE6F218A86BA000493F3D /* AddBookViewController.m in Sources */,
				7B5E4D4318A84D3300A1ACF9 /* main.m in Sources */,
				7BFAE6F518A86BB800493F3D /* ViewBooksViewController.m in Sources */,
			);
			runOnlyForDeploymentPostprocessing = 0;
		};
		7B5E4D4A18A84D3300A1ACF9 /* Sources */ = {
			isa = PBXSourcesBuildPhase;
			buildActionMask = 2147483647;
			files = (
				7B5E4D5C18A84D3300A1ACF9 /* AlexandriaTests.m in Sources */,
			);
			runOnlyForDeploymentPostprocessing = 0;
		};
/* End PBXSourcesBuildPhase section */

/* Begin PBXTargetDependency section */
		7B5E4D5418A84D3300A1ACF9 /* PBXTargetDependency */ = {
			isa = PBXTargetDependency;
			target = 7B5E4D3218A84D3300A1ACF9 /* Alexandria */;
			targetProxy = 7B5E4D5318A84D3300A1ACF9 /* PBXContainerItemProxy */;
		};
/* End PBXTargetDependency section */

/* Begin PBXVariantGroup section */
		7B5E4D3F18A84D3300A1ACF9 /* InfoPlist.strings */ = {
			isa = PBXVariantGroup;
			children = (
				7B5E4D4018A84D3300A1ACF9 /* en */,
			);
			name = InfoPlist.strings;
			sourceTree = "<group>";
		};
		7B5E4D5818A84D3300A1ACF9 /* InfoPlist.strings */ = {
			isa = PBXVariantGroup;
			children = (
				7B5E4D5918A84D3300A1ACF9 /* en */,
			);
			name = InfoPlist.strings;
			sourceTree = "<group>";
		};
/* End PBXVariantGroup section */

/* Begin XCBuildConfiguration section */
		7B5E4D5D18A84D3300A1ACF9 /* Debug */ = {
			isa = XCBuildConfiguration;
			buildSettings = {
				ALWAYS_SEARCH_USER_PATHS = NO;
				ARCHS = "$(ARCHS_STANDARD_INCLUDING_64_BIT)";
				CLANG_CXX_LANGUAGE_STANDARD = "gnu++0x";
				CLANG_CXX_LIBRARY = "libc++";
				CLANG_ENABLE_MODULES = YES;
				CLANG_ENABLE_OBJC_ARC = YES;
				CLANG_WARN_BOOL_CONVERSION = YES;
				CLANG_WARN_CONSTANT_CONVERSION = YES;
				CLANG_WARN_DIRECT_OBJC_ISA_USAGE = YES_ERROR;
				CLANG_WARN_EMPTY_BODY = YES;
				CLANG_WARN_ENUM_CONVERSION = YES;
				CLANG_WARN_INT_CONVERSION = YES;
				CLANG_WARN_OBJC_ROOT_CLASS = YES_ERROR;
				CLANG_WARN__DUPLICATE_METHOD_MATCH = YES;
				"CODE_SIGN_IDENTITY[sdk=iphoneos*]" = "iPhone Developer";
				COPY_PHASE_STRIP = NO;
				GCC_C_LANGUAGE_STANDARD = gnu99;
				GCC_DYNAMIC_NO_PIC = NO;
				GCC_OPTIMIZATION_LEVEL = 0;
				GCC_PREPROCESSOR_DEFINITIONS = (
					"DEBUG=1",
					"$(inherited)",
				);
				GCC_SYMBOLS_PRIVATE_EXTERN = NO;
				GCC_WARN_64_TO_32_BIT_CONVERSION = YES;
				GCC_WARN_ABOUT_RETURN_TYPE = YES_ERROR;
				GCC_WARN_UNDECLARED_SELECTOR = YES;
				GCC_WARN_UNINITIALIZED_AUTOS = YES;
				GCC_WARN_UNUSED_FUNCTION = YES;
				GCC_WARN_UNUSED_VARIABLE = YES;
				IPHONEOS_DEPLOYMENT_TARGET = 7.0;
				ONLY_ACTIVE_ARCH = YES;
				SDKROOT = iphoneos;
				TARGETED_DEVICE_FAMILY = 2;
			};
			name = Debug;
		};
		7B5E4D5E18A84D3300A1ACF9 /* Release */ = {
			isa = XCBuildConfiguration;
			buildSettings = {
				ALWAYS_SEARCH_USER_PATHS = NO;
				ARCHS = "$(ARCHS_STANDARD_INCLUDING_64_BIT)";
				CLANG_CXX_LANGUAGE_STANDARD = "gnu++0x";
				CLANG_CXX_LIBRARY = "libc++";
				CLANG_ENABLE_MODULES = YES;
				CLANG_ENABLE_OBJC_ARC = YES;
				CLANG_WARN_BOOL_CONVERSION = YES;
				CLANG_WARN_CONSTANT_CONVERSION = YES;
				CLANG_WARN_DIRECT_OBJC_ISA_USAGE = YES_ERROR;
				CLANG_WARN_EMPTY_BODY = YES;
				CLANG_WARN_ENUM_CONVERSION = YES;
				CLANG_WARN_INT_CONVERSION = YES;
				CLANG_WARN_OBJC_ROOT_CLASS = YES_ERROR;
				CLANG_WARN__DUPLICATE_METHOD_MATCH = YES;
				"CODE_SIGN_IDENTITY[sdk=iphoneos*]" = "iPhone Developer";
				COPY_PHASE_STRIP = YES;
				ENABLE_NS_ASSERTIONS = NO;
				GCC_C_LANGUAGE_STANDARD = gnu99;
				GCC_WARN_64_TO_32_BIT_CONVERSION = YES;
				GCC_WARN_ABOUT_RETURN_TYPE = YES_ERROR;
				GCC_WARN_UNDECLARED_SELECTOR = YES;
				GCC_WARN_UNINITIALIZED_AUTOS = YES;
				GCC_WARN_UNUSED_FUNCTION = YES;
				GCC_WARN_UNUSED_VARIABLE = YES;
				IPHONEOS_DEPLOYMENT_TARGET = 7.0;
				SDKROOT = iphoneos;
				TARGETED_DEVICE_FAMILY = 2;
				VALIDATE_PRODUCT = YES;
			};
			name = Release;
		};
		7B5E4D6018A84D3300A1ACF9 /* Debug */ = {
			isa = XCBuildConfiguration;
			baseConfigurationReference = 2B9FF73300AE4C36A03857B9 /* Pods.xcconfig */;
			buildSettings = {
				ASSETCATALOG_COMPILER_APPICON_NAME = AppIcon;
				ASSETCATALOG_COMPILER_LAUNCHIMAGE_NAME = LaunchImage;
				CODE_SIGN_IDENTITY = "iPhone Developer";
				GCC_PRECOMPILE_PREFIX_HEADER = YES;
				GCC_PREFIX_HEADER = "Alexandria/Alexandria-Prefix.pch";
				INFOPLIST_FILE = "Alexandria/Alexandria-Info.plist";
				PRODUCT_NAME = "$(TARGET_NAME)";
				WRAPPER_EXTENSION = app;
			};
			name = Debug;
		};
		7B5E4D6118A84D3300A1ACF9 /* Release */ = {
			isa = XCBuildConfiguration;
			baseConfigurationReference = 2B9FF73300AE4C36A03857B9 /* Pods.xcconfig */;
			buildSettings = {
				ASSETCATALOG_COMPILER_APPICON_NAME = AppIcon;
				ASSETCATALOG_COMPILER_LAUNCHIMAGE_NAME = LaunchImage;
				CODE_SIGN_IDENTITY = "iPhone Developer";
				GCC_PRECOMPILE_PREFIX_HEADER = YES;
				GCC_PREFIX_HEADER = "Alexandria/Alexandria-Prefix.pch";
				INFOPLIST_FILE = "Alexandria/Alexandria-Info.plist";
				PRODUCT_NAME = "$(TARGET_NAME)";
				WRAPPER_EXTENSION = app;
			};
			name = Release;
		};
		7B5E4D6318A84D3300A1ACF9 /* Debug */ = {
			isa = XCBuildConfiguration;
			buildSettings = {
				ARCHS = "$(ARCHS_STANDARD_INCLUDING_64_BIT)";
				BUNDLE_LOADER = "$(BUILT_PRODUCTS_DIR)/Alexandria.app/Alexandria";
				FRAMEWORK_SEARCH_PATHS = (
					"$(SDKROOT)/Developer/Library/Frameworks",
					"$(inherited)",
					"$(DEVELOPER_FRAMEWORKS_DIR)",
				);
				GCC_PRECOMPILE_PREFIX_HEADER = YES;
				GCC_PREFIX_HEADER = "Alexandria/Alexandria-Prefix.pch";
				GCC_PREPROCESSOR_DEFINITIONS = (
					"DEBUG=1",
					"$(inherited)",
				);
				INFOPLIST_FILE = "AlexandriaTests/AlexandriaTests-Info.plist";
				PRODUCT_NAME = "$(TARGET_NAME)";
				TEST_HOST = "$(BUNDLE_LOADER)";
				WRAPPER_EXTENSION = xctest;
			};
			name = Debug;
		};
		7B5E4D6418A84D3300A1ACF9 /* Release */ = {
			isa = XCBuildConfiguration;
			buildSettings = {
				ARCHS = "$(ARCHS_STANDARD_INCLUDING_64_BIT)";
				BUNDLE_LOADER = "$(BUILT_PRODUCTS_DIR)/Alexandria.app/Alexandria";
				FRAMEWORK_SEARCH_PATHS = (
					"$(SDKROOT)/Developer/Library/Frameworks",
					"$(inherited)",
					"$(DEVELOPER_FRAMEWORKS_DIR)",
				);
				GCC_PRECOMPILE_PREFIX_HEADER = YES;
				GCC_PREFIX_HEADER = "Alexandria/Alexandria-Prefix.pch";
				INFOPLIST_FILE = "AlexandriaTests/AlexandriaTests-Info.plist";
				PRODUCT_NAME = "$(TARGET_NAME)";
				TEST_HOST = "$(BUNDLE_LOADER)";
				WRAPPER_EXTENSION = xctest;
			};
			name = Release;
		};
/* End XCBuildConfiguration section */

/* Begin XCConfigurationList section */
		7B5E4D2E18A84D3300A1ACF9 /* Build configuration list for PBXProject "Alexandria" */ = {
			isa = XCConfigurationList;
			buildConfigurations = (
				7B5E4D5D18A84D3300A1ACF9 /* Debug */,
				7B5E4D5E18A84D3300A1ACF9 /* Release */,
			);
			defaultConfigurationIsVisible = 0;
			defaultConfigurationName = Release;
		};
		7B5E4D5F18A84D3300A1ACF9 /* Build configuration list for PBXNativeTarget "Alexandria" */ = {
			isa = XCConfigurationList;
			buildConfigurations = (
				7B5E4D6018A84D3300A1ACF9 /* Debug */,
				7B5E4D6118A84D3300A1ACF9 /* Release */,
			);
			defaultConfigurationIsVisible = 0;
			defaultConfigurationName = Release;
		};
		7B5E4D6218A84D3300A1ACF9 /* Build configuration list for PBXNativeTarget "AlexandriaTests" */ = {
			isa = XCConfigurationList;
			buildConfigurations = (
				7B5E4D6318A84D3300A1ACF9 /* Debug */,
				7B5E4D6418A84D3300A1ACF9 /* Release */,
			);
			defaultConfigurationIsVisible = 0;
			defaultConfigurationName = Release;
		};
/* End XCConfigurationList section */
	};
	rootObject = 7B5E4D2B18A84D3300A1ACF9 /* Project object */;
}
